{
  "name": "jsonparser_elezioni-unict",
  "version": "1.0.0",
  "lockfileVersion": 1,
  "requires": true,
  "dependencies": {
    "ansi-font": {
      "version": "0.0.2",
      "resolved": "https://registry.npmjs.org/ansi-font/-/ansi-font-0.0.2.tgz",
      "integrity": "sha1-iQMBvVhBRi/TnAt3Ca/R9SUUMzE="
    },
    "balanced-match": {
      "version": "1.0.0",
      "resolved": "https://registry.npmjs.org/balanced-match/-/balanced-match-1.0.0.tgz",
      "integrity": "sha1-ibTRmasr7kneFk6gK4nORi1xt2c="
    },
    "brace-expansion": {
      "version": "1.1.11",
      "resolved": "https://registry.npmjs.org/brace-expansion/-/brace-expansion-1.1.11.tgz",
      "integrity": "sha512-iCuPHDFgrHX7H2vEI/5xpz07zSHB00TpugqhmYtVmMO6518mCuRMoOYFldEBl0g187ufozdaHgWKcYFb61qGiA==",
      "requires": {
        "balanced-match": "^1.0.0",
        "concat-map": "0.0.1"
      }
    },
    "concat-map": {
      "version": "0.0.1",
      "resolved": "https://registry.npmjs.org/concat-map/-/concat-map-0.0.1.tgz",
      "integrity": "sha1-2Klr13/Wjfd5OnMDajug1UBdR3s="
    },
    "minimatch": {
      "version": "3.0.4",
      "resolved": "https://registry.npmjs.org/minimatch/-/minimatch-3.0.4.tgz",
      "integrity": "sha512-yJHVQEhyqPLUTgt9B83PXu6W3rx4MvvHvSUvToogpwoGDOUQ+yDrR0HRot+yOCdCO7u4hX3pWft6kWBBcqh0UA==",
      "requires": {
        "brace-expansion": "^1.1.7"
      }
    },
    "npm": {
      "version": "11.0.0",
      "resolved": "https://registry.npmjs.org/npm/-/npm-11.0.0.tgz",
      "integrity": "sha512-Ed/ylWXSKXx058WUqXYlgb3pafCqXL5vWzZEvwCKFsBl7OYQlNn/u4ESW+ON+OG6Q+uCRLPTDGHreX6aJEDj7A==",
      "requires": {
        "@isaacs/string-locale-compare": "^1.1.0",
        "@npmcli/arborist": "^9.0.0",
        "@npmcli/config": "^10.0.0",
        "@npmcli/fs": "^4.0.0",
        "@npmcli/map-workspaces": "^4.0.2",
        "@npmcli/package-json": "^6.1.0",
        "@npmcli/promise-spawn": "^8.0.2",
        "@npmcli/redact": "^3.0.0",
        "@npmcli/run-script": "^9.0.1",
        "@sigstore/tuf": "^3.0.0",
        "abbrev": "^3.0.0",
        "archy": "~1.0.0",
        "cacache": "^19.0.1",
        "chalk": "^5.3.0",
        "ci-info": "^4.1.0",
        "cli-columns": "^4.0.0",
        "fastest-levenshtein": "^1.0.16",
        "fs-minipass": "^3.0.3",
        "glob": "^10.4.5",
        "graceful-fs": "^4.2.11",
        "hosted-git-info": "^8.0.2",
        "ini": "^5.0.0",
        "init-package-json": "^8.0.0",
        "is-cidr": "^5.1.0",
        "json-parse-even-better-errors": "^4.0.0",
        "libnpmaccess": "^10.0.0",
        "libnpmdiff": "^8.0.0",
        "libnpmexec": "^10.0.0",
        "libnpmfund": "^7.0.0",
        "libnpmorg": "^8.0.0",
        "libnpmpack": "^9.0.0",
        "libnpmpublish": "^11.0.0",
        "libnpmsearch": "^9.0.0",
        "libnpmteam": "^8.0.0",
        "libnpmversion": "^8.0.0",
        "make-fetch-happen": "^14.0.3",
        "minimatch": "^9.0.5",
        "minipass": "^7.1.1",
        "minipass-pipeline": "^1.2.4",
        "ms": "^2.1.2",
        "node-gyp": "^11.0.0",
        "nopt": "^8.0.0",
        "normalize-package-data": "^7.0.0",
        "npm-audit-report": "^6.0.0",
        "npm-install-checks": "^7.1.1",
        "npm-package-arg": "^12.0.1",
        "npm-pick-manifest": "^10.0.0",
        "npm-profile": "^11.0.1",
        "npm-registry-fetch": "^18.0.2",
        "npm-user-validate": "^3.0.0",
        "p-map": "^7.0.3",
        "pacote": "^21.0.0",
        "parse-conflict-json": "^4.0.0",
        "proc-log": "^5.0.0",
        "qrcode-terminal": "^0.12.0",
        "read": "^4.0.0",
        "semver": "^7.6.3",
        "spdx-expression-parse": "^4.0.0",
        "ssri": "^12.0.0",
        "supports-color": "^9.4.0",
        "tar": "^6.2.1",
        "text-table": "~0.2.0",
        "tiny-relative-date": "^1.3.0",
        "treeverse": "^3.0.0",
        "validate-npm-package-name": "^6.0.0",
        "which": "^5.0.0"
      },
      "dependencies": {
        "archy": {
          "version": "1.0.0",
          "integrity": "sha512-Xg+9RwCg/0p32teKdGMPTPnVXKD0w3DfHnFTficozsAgsvq2XenPJq/MYpzzQ/v8zrOyJn6Ds39VA4JIDwFfqw==",
          "bundled": true
        },
        "qrcode-terminal": {
          "version": "0.12.0",
          "integrity": "sha512-EXtzRZmC+YGmGlDFbXKxQiMZNwCLEO6BANKXG4iCtSIM0yqc/pappSx3RIKr4r0uh5JsBckOXeKrB3Iz7mdQpQ==",
          "bundled": true
        },
        "text-table": {
          "version": "0.2.0",
          "integrity": "sha512-N+8UisAXDGk8PFXP4HAzVR9nbfmVJ3zYLAWiTIoqC5v5isinhr+r5uaO8+7r3BMfuNIufIsA7RdpVgacC2cSpw==",
          "bundled": true
        },
        "tiny-relative-date": {
          "version": "1.3.0",
          "integrity": "sha512-MOQHpzllWxDCHHaDno30hhLfbouoYlOI8YlMNtvKe1zXbjEVhbcEovQxvZrPvtiYW630GQDoMMarCnjfyfHA+A==",
          "bundled": true
        }
      }
    },
    "pdf2json": {
      "version": "1.2.0",
      "resolved": "https://registry.npmjs.org/pdf2json/-/pdf2json-1.2.0.tgz",
      "integrity": "sha512-Z/m+OFOe13Nn2SHQNSINZ6Mh2b8t2bK3whL3L6b5Av1wqDvotYvpMg1Zi8aEPV37jF0jG0yQ83c8XuuNbIsn6Q==",
      "requires": {
        "async": "^3.2.0",
        "lodash": "^4.17.13",
        "optimist": "^0.6.1",
        "xmldom": "^0.3.0"
      },
      "dependencies": {
        "async": {
          "version": "3.2.0",
          "bundled": true
        },
        "lodash": {
          "version": "4.17.15",
          "bundled": true
        },
        "minimist": {
          "version": "0.0.10",
          "bundled": true
        },
        "optimist": {
          "version": "0.6.1",
          "bundled": true,
          "requires": {
            "minimist": "~0.0.1",
            "wordwrap": "~0.0.2"
          }
        },
        "wordwrap": {
          "version": "0.0.3",
          "bundled": true
        },
        "xmldom": {
          "version": "0.3.0",
          "bundled": true
        }
      }
    },
    "pdf2table": {
      "version": "0.0.2",
      "resolved": "https://registry.npmjs.org/pdf2table/-/pdf2table-0.0.2.tgz",
      "integrity": "sha1-wXgFVIAd88Ytb5tQ1mGUTS+oUE0=",
      "requires": {
        "pdf2json": "^0.7.1"
      },
      "dependencies": {
        "pdf2json": {
          "version": "0.7.1",
          "resolved": "https://registry.npmjs.org/pdf2json/-/pdf2json-0.7.1.tgz",
          "integrity": "sha1-iIjXPCaTjk2Ih7Yz1uS0Qi3NMMs=",
          "requires": {
            "async": ">=0.2.6",
            "optimist": ">=0.3.5",
            "underscore": ">=1.4.2",
            "xmldom": ">=0.1.13"
          },
          "dependencies": {
            "async": {
              "version": "0.2.6",
              "bundled": true
            },
            "optimist": {
              "version": "0.3.5",
              "bundled": true,
              "requires": {
                "wordwrap": "~0.0.2"
              },
              "dependencies": {
                "wordwrap": {
                  "version": "0.0.2",
                  "bundled": true
                }
              }
            },
            "underscore": {
              "version": "1.4.4",
              "bundled": true
            },
            "xmldom": {
              "version": "0.1.13",
              "bundled": true
            }
          }
        }
      }
    },
    "run": {
      "version": "1.4.0",
      "resolved": "https://registry.npmjs.org/run/-/run-1.4.0.tgz",
      "integrity": "sha1-4X2ekEOrL+F3dsspnhI3848LT/o=",
      "requires": {
        "minimatch": "*"
      }
    },
    "test": {
      "version": "0.6.0",
      "resolved": "https://registry.npmjs.org/test/-/test-0.6.0.tgz",
      "integrity": "sha1-WYasRF7Bd1QyJRLRBLoyyKY+k44=",
      "requires": {
        "ansi-font": "0.0.2"
      }
    },
    "typescript": {
      "version": "4.0.2",
      "resolved": "https://registry.npmjs.org/typescript/-/typescript-4.0.2.tgz",
      "integrity": "sha512-e4ERvRV2wb+rRZ/IQeb3jm2VxBsirQLpQhdxplZ2MEzGvDkkMmPglecnNDfSUBivMjP93vRbngYYDQqQ/78bcQ=="
    }
  }
}
